
Microsoft Visual Studio Solution File, Format Version 12.00
# Visual Studio 14
VisualStudioVersion = 14.0.25123.0
MinimumVisualStudioVersion = 10.0.40219.1
Project("{FAE04EC0-301F-11D3-BF4B-00C04F79EFBC}") = "BackupService", "BackupService\BackupService.csproj", "{55C7511F-FBE6-4CAD-B39A-ACA26027ADE0}"
EndProject
Project("{FAE04EC0-301F-11D3-BF4B-00C04F79EFBC}") = "BackuperTest", "BackuperTest\BackuperTest.csproj", "{A01D7285-9E70-42A1-9972-65C9B726F0B1}"
EndProject
Global
	GlobalSection(SolutionConfigurationPlatforms) = preSolution
		Debug|Any CPU = Debug|Any CPU
		Release|Any CPU = Release|Any CPU
	EndGlobalSection
	GlobalSection(ProjectConfigurationPlatforms) = postSolution
		{55C7511F-FBE6-4CAD-B39A-ACA26027ADE0}.Debug|Any CPU.ActiveCfg = Debug|Any CPU
		{55C7511F-FBE6-4CAD-B39A-ACA26027ADE0}.Debug|Any CPU.Build.0 = Debug|Any CPU
		{55C7511F-FBE6-4CAD-B39A-ACA26027ADE0}.Release|Any CPU.ActiveCfg = Release|Any CPU
		{55C7511F-FBE6-4CAD-B39A-ACA26027ADE0}.Release|Any CPU.Build.0 = Release|Any CPU
		{A01D7285-9E70-42A1-9972-65C9B726F0B1}.Debug|Any CPU.ActiveCfg = Debug|Any CPU
		{A01D7285-9E70-42A1-9972-65C9B726F0B1}.Debug|Any CPU.Build.0 = Debug|Any CPU
		{A01D7285-9E70-42A1-9972-65C9B726F0B1}.Release|Any CPU.ActiveCfg = Release|Any CPU
		{A01D7285-9E70-42A1-9972-65C9B726F0B1}.Release|Any CPU.Build.0 = Release|Any CPU
	EndGlobalSection
	GlobalSection(SolutionProperties) = preSolution
		HideSolutionNode = FALSE
	EndGlobalSection
EndGlobal
